
Microsoft Visual Studio Solution File, Format Version 12.00
# Visual Studio 15
VisualStudioVersion = 15.0.26730.16
MinimumVisualStudioVersion = 10.0.40219.1
Project("{FAE04EC0-301F-11D3-BF4B-00C04F79EFBC}") = "Cwiczenia3_WPF", "Cwiczenia3_WPF\Cwiczenia3_WPF.csproj", "{ABD9938F-6DFE-454F-B7BE-785520B2BD02}"
EndProject
Global
	GlobalSection(SolutionConfigurationPlatforms) = preSolution
		Debug|Any CPU = Debug|Any CPU
		Release|Any CPU = Release|Any CPU
	EndGlobalSection
	GlobalSection(ProjectConfigurationPlatforms) = postSolution
		{ABD9938F-6DFE-454F-B7BE-785520B2BD02}.Debug|Any CPU.ActiveCfg = Debug|Any CPU
		{ABD9938F-6DFE-454F-B7BE-785520B2BD02}.Debug|Any CPU.Build.0 = Debug|Any CPU
		{ABD9938F-6DFE-454F-B7BE-785520B2BD02}.Release|Any CPU.ActiveCfg = Release|Any CPU
		{ABD9938F-6DFE-454F-B7BE-785520B2BD02}.Release|Any CPU.Build.0 = Release|Any CPU
	EndGlobalSection
	GlobalSection(SolutionProperties) = preSolution
		HideSolutionNode = FALSE
	EndGlobalSection
	GlobalSection(ExtensibilityGlobals) = postSolution
		SolutionGuid = {A7E4E3DD-78CD-4F67-9E6D-1B68CB15E54B}
	EndGlobalSection
EndGlobal
